
Microsoft Visual Studio Solution File, Format Version 12.00
# Visual Studio Version 17
VisualStudioVersion = 17.3.32819.101
MinimumVisualStudioVersion = 10.0.40219.1
Project("{9A19103F-16F7-4668-BE54-9A1E7A4F7556}") = "1_Collections", "Collections\1_Collections.csproj", "{E159946D-6676-4882-A013-DD8B84D76B0B}"
EndProject
Project("{9A19103F-16F7-4668-BE54-9A1E7A4F7556}") = "0_Lab", "LAB123_Demo\0_Lab.csproj", "{F58E2E0C-1F63-4383-8749-16809E44DF96}"
EndProject
Project("{9A19103F-16F7-4668-BE54-9A1E7A4F7556}") = "2_Delegate", "Delegate\2_Delegate.csproj", "{69F7838D-796B-42D3-A57B-43B0F6E1E93C}"
EndProject
Project("{9A19103F-16F7-4668-BE54-9A1E7A4F7556}") = "3_Delegate_Event", "4_Delegate_Spec\3_Delegate_Event.csproj", "{8EE19754-3425-4675-942A-A4D0A26E8D5D}"
EndProject
Project("{9A19103F-16F7-4668-BE54-9A1E7A4F7556}") = "4_Delegate_Events", "5_Delegate_Events\4_Delegate_Events.csproj", "{4F6BBA99-5019-4CEB-A7BD-A6989F900411}"
EndProject
Project("{9A19103F-16F7-4668-BE54-9A1E7A4F7556}") = "Demo_Event_Net103", "Demo_Event_Net103\Demo_Event_Net103.csproj", "{B6C05BAB-FAD4-465E-8377-A5096E57FF26}"
EndProject
Project("{9A19103F-16F7-4668-BE54-9A1E7A4F7556}") = "5_Reference_KeyWord", "Reference_KeyWord\5_Reference_KeyWord.csproj", "{2CDCD874-7D51-4FBC-8E6B-28E57FEFE9A1}"
EndProject
Project("{FAE04EC0-301F-11D3-BF4B-00C04F79EFBC}") = "Generics", "Generics\Generics.csproj", "{721762BA-6CD9-4ECB-BB25-0B2C19168587}"
EndProject
Global
	GlobalSection(SolutionConfigurationPlatforms) = preSolution
		Debug|Any CPU = Debug|Any CPU
		Release|Any CPU = Release|Any CPU
	EndGlobalSection
	GlobalSection(ProjectConfigurationPlatforms) = postSolution
		{E159946D-6676-4882-A013-DD8B84D76B0B}.Debug|Any CPU.ActiveCfg = Debug|Any CPU
		{E159946D-6676-4882-A013-DD8B84D76B0B}.Debug|Any CPU.Build.0 = Debug|Any CPU
		{E159946D-6676-4882-A013-DD8B84D76B0B}.Release|Any CPU.ActiveCfg = Release|Any CPU
		{E159946D-6676-4882-A013-DD8B84D76B0B}.Release|Any CPU.Build.0 = Release|Any CPU
		{F58E2E0C-1F63-4383-8749-16809E44DF96}.Debug|Any CPU.ActiveCfg = Debug|Any CPU
		{F58E2E0C-1F63-4383-8749-16809E44DF96}.Debug|Any CPU.Build.0 = Debug|Any CPU
		{F58E2E0C-1F63-4383-8749-16809E44DF96}.Release|Any CPU.ActiveCfg = Release|Any CPU
		{F58E2E0C-1F63-4383-8749-16809E44DF96}.Release|Any CPU.Build.0 = Release|Any CPU
		{69F7838D-796B-42D3-A57B-43B0F6E1E93C}.Debug|Any CPU.ActiveCfg = Debug|Any CPU
		{69F7838D-796B-42D3-A57B-43B0F6E1E93C}.Debug|Any CPU.Build.0 = Debug|Any CPU
		{69F7838D-796B-42D3-A57B-43B0F6E1E93C}.Release|Any CPU.ActiveCfg = Release|Any CPU
		{69F7838D-796B-42D3-A57B-43B0F6E1E93C}.Release|Any CPU.Build.0 = Release|Any CPU
		{8EE19754-3425-4675-942A-A4D0A26E8D5D}.Debug|Any CPU.ActiveCfg = Debug|Any CPU
		{8EE19754-3425-4675-942A-A4D0A26E8D5D}.Debug|Any CPU.Build.0 = Debug|Any CPU
		{8EE19754-3425-4675-942A-A4D0A26E8D5D}.Release|Any CPU.ActiveCfg = Release|Any CPU
		{8EE19754-3425-4675-942A-A4D0A26E8D5D}.Release|Any CPU.Build.0 = Release|Any CPU
		{4F6BBA99-5019-4CEB-A7BD-A6989F900411}.Debug|Any CPU.ActiveCfg = Debug|Any CPU
		{4F6BBA99-5019-4CEB-A7BD-A6989F900411}.Debug|Any CPU.Build.0 = Debug|Any CPU
		{4F6BBA99-5019-4CEB-A7BD-A6989F900411}.Release|Any CPU.ActiveCfg = Release|Any CPU
		{4F6BBA99-5019-4CEB-A7BD-A6989F900411}.Release|Any CPU.Build.0 = Release|Any CPU
		{B6C05BAB-FAD4-465E-8377-A5096E57FF26}.Debug|Any CPU.ActiveCfg = Debug|Any CPU
		{B6C05BAB-FAD4-465E-8377-A5096E57FF26}.Debug|Any CPU.Build.0 = Debug|Any CPU
		{B6C05BAB-FAD4-465E-8377-A5096E57FF26}.Release|Any CPU.ActiveCfg = Release|Any CPU
		{B6C05BAB-FAD4-465E-8377-A5096E57FF26}.Release|Any CPU.Build.0 = Release|Any CPU
		{2CDCD874-7D51-4FBC-8E6B-28E57FEFE9A1}.Debug|Any CPU.ActiveCfg = Debug|Any CPU
		{2CDCD874-7D51-4FBC-8E6B-28E57FEFE9A1}.Debug|Any CPU.Build.0 = Debug|Any CPU
		{2CDCD874-7D51-4FBC-8E6B-28E57FEFE9A1}.Release|Any CPU.ActiveCfg = Release|Any CPU
		{2CDCD874-7D51-4FBC-8E6B-28E57FEFE9A1}.Release|Any CPU.Build.0 = Release|Any CPU
		{721762BA-6CD9-4ECB-BB25-0B2C19168587}.Debug|Any CPU.ActiveCfg = Debug|Any CPU
		{721762BA-6CD9-4ECB-BB25-0B2C19168587}.Debug|Any CPU.Build.0 = Debug|Any CPU
		{721762BA-6CD9-4ECB-BB25-0B2C19168587}.Release|Any CPU.ActiveCfg = Release|Any CPU
		{721762BA-6CD9-4ECB-BB25-0B2C19168587}.Release|Any CPU.Build.0 = Release|Any CPU
	EndGlobalSection
	GlobalSection(SolutionProperties) = preSolution
		HideSolutionNode = FALSE
	EndGlobalSection
	GlobalSection(ExtensibilityGlobals) = postSolution
		SolutionGuid = {185F85FF-2345-42EB-9A37-96690F17D897}
	EndGlobalSection
EndGlobal
